
Microsoft Visual Studio Solution File, Format Version 12.00
# Visual Studio Version 16
VisualStudioVersion = 16.0.31911.196
MinimumVisualStudioVersion = 10.0.40219.1
Project("{FAE04EC0-301F-11D3-BF4B-00C04F79EFBC}") = "ConsoleGame", "ConsoleGame\ConsoleGame.csproj", "{AD5B8D9C-1DCF-41F0-94A9-0F8C0DA100B4}"
EndProject
Global
	GlobalSection(SolutionConfigurationPlatforms) = preSolution
		Debug|Any CPU = Debug|Any CPU
		Release|Any CPU = Release|Any CPU
	EndGlobalSection
	GlobalSection(ProjectConfigurationPlatforms) = postSolution
		{AD5B8D9C-1DCF-41F0-94A9-0F8C0DA100B4}.Debug|Any CPU.ActiveCfg = Debug|Any CPU
		{AD5B8D9C-1DCF-41F0-94A9-0F8C0DA100B4}.Debug|Any CPU.Build.0 = Debug|Any CPU
		{AD5B8D9C-1DCF-41F0-94A9-0F8C0DA100B4}.Release|Any CPU.ActiveCfg = Release|Any CPU
		{AD5B8D9C-1DCF-41F0-94A9-0F8C0DA100B4}.Release|Any CPU.Build.0 = Release|Any CPU
	EndGlobalSection
	GlobalSection(SolutionProperties) = preSolution
		HideSolutionNode = FALSE
	EndGlobalSection
	GlobalSection(ExtensibilityGlobals) = postSolution
		SolutionGuid = {130E1E10-5C08-4AA7-BF84-949CBED617F0}
	EndGlobalSection
EndGlobal
